
Microsoft Visual Studio Solution File, Format Version 12.00
# Visual Studio Version 17
VisualStudioVersion = 17.3.32519.111
MinimumVisualStudioVersion = 10.0.40219.1
Project("{FAE04EC0-301F-11D3-BF4B-00C04F79EFBC}") = "MidiConsole", "MidiConsole.csproj", "{B3F0057A-2D4E-462A-B1A0-5808B8DD3113}"
EndProject
Global
	GlobalSection(SolutionConfigurationPlatforms) = preSolution
		Debug|Any CPU = Debug|Any CPU
		Release|Any CPU = Release|Any CPU
	EndGlobalSection
	GlobalSection(ProjectConfigurationPlatforms) = postSolution
		{B3F0057A-2D4E-462A-B1A0-5808B8DD3113}.Debug|Any CPU.ActiveCfg = Debug|Any CPU
		{B3F0057A-2D4E-462A-B1A0-5808B8DD3113}.Debug|Any CPU.Build.0 = Debug|Any CPU
		{B3F0057A-2D4E-462A-B1A0-5808B8DD3113}.Release|Any CPU.ActiveCfg = Release|Any CPU
		{B3F0057A-2D4E-462A-B1A0-5808B8DD3113}.Release|Any CPU.Build.0 = Release|Any CPU
	EndGlobalSection
	GlobalSection(SolutionProperties) = preSolution
		HideSolutionNode = FALSE
	EndGlobalSection
	GlobalSection(ExtensibilityGlobals) = postSolution
		SolutionGuid = {8A3D265B-5C06-4823-B366-8D965D44B145}
	EndGlobalSection
EndGlobal
